// !$*UTF8*$!
{
	archiveVersion = 1;
	classes = {
	};
	objectVersion = 46;
	objects = {

/* Begin PBXBuildFile section */
		B1FCDA1B1C7E4A6800007790 /* AppDelegate.swift in Sources */ = {isa = PBXBuildFile; fileRef = B1FCDA1A1C7E4A6800007790 /* AppDelegate.swift */; };
		B1FCDA1D1C7E4A6800007790 /* RecordSoundViewController.swift in Sources */ = {isa = PBXBuildFile; fileRef = B1FCDA1C1C7E4A6800007790 /* RecordSoundViewController.swift */; };
		B1FCDA201C7E4A6800007790 /* Main.storyboard in Resources */ = {isa = PBXBuildFile; fileRef = B1FCDA1E1C7E4A6800007790 /* Main.storyboard */; };
		B1FCDA221C7E4A6800007790 /* Assets.xcassets in Resources */ = {isa = PBXBuildFile; fileRef = B1FCDA211C7E4A6800007790 /* Assets.xcassets */; };
		B1FCDA251C7E4A6800007790 /* LaunchScreen.storyboard in Resources */ = {isa = PBXBuildFile; fileRef = B1FCDA231C7E4A6800007790 /* LaunchScreen.storyboard */; };
		B1FCDA2D1C7E4E7E00007790 /* PlaySoundViewController.swift in Sources */ = {isa = PBXBuildFile; fileRef = B1FCDA2C1C7E4E7E00007790 /* PlaySoundViewController.swift */; };
		B1FCDA2F1C7E500F00007790 /* RecordedAudio.swift in Sources */ = {isa = PBXBuildFile; fileRef = B1FCDA2E1C7E500F00007790 /* RecordedAudio.swift */; };
/* End PBXBuildFile section */

/* Begin PBXFileReference section */
		B1FCDA171C7E4A6800007790 /* PitchPerfect.app */ = {isa = PBXFileReference; explicitFileType = wrapper.application; includeInIndex = 0; path = PitchPerfect.app; sourceTree = BUILT_PRODUCTS_DIR; };
		B1FCDA1A1C7E4A6800007790 /* AppDelegate.swift */ = {isa = PBXFileReference; lastKnownFileType = sourcecode.swift; path = AppDelegate.swift; sourceTree = "<group>"; };
		B1FCDA1C1C7E4A6800007790 /* RecordSoundViewController.swift */ = {isa = PBXFileReference; lastKnownFileType = sourcecode.swift; path = RecordSoundViewController.swift; sourceTree = "<group>"; };
		B1FCDA1F1C7E4A6800007790 /* Base */ = {isa = PBXFileReference; lastKnownFileType = file.storyboard; name = Base; path = Base.lproj/Main.storyboard; sourceTree = "<group>"; };
		B1FCDA211C7E4A6800007790 /* Assets.xcassets */ = {isa = PBXFileReference; lastKnownFileType = folder.assetcatalog; path = Assets.xcassets; sourceTree = "<group>"; };
		B1FCDA241C7E4A6800007790 /* Base */ = {isa = PBXFileReference; lastKnownFileType = file.storyboard; name = Base; path = Base.lproj/LaunchScreen.storyboard; sourceTree = "<group>"; };
		B1FCDA261C7E4A6800007790 /* Info.plist */ = {isa = PBXFileReference; lastKnownFileType = text.plist.xml; path = Info.plist; sourceTree = "<group>"; };
		B1FCDA2C1C7E4E7E00007790 /* PlaySoundViewController.swift */ = {isa = PBXFileReference; fileEncoding = 4; lastKnownFileType = sourcecode.swift; path = PlaySoundViewController.swift; sourceTree = "<group>"; };
		B1FCDA2E1C7E500F00007790 /* RecordedAudio.swift */ = {isa = PBXFileReference; fileEncoding = 4; lastKnownFileType = sourcecode.swift; path = RecordedAudio.swift; sourceTree = "<group>"; };
/* End PBXFileReference section */

/* Begin PBXFrameworksBuildPhase section */
		B1FCDA141C7E4A6800007790 /* Frameworks */ = {
			isa = PBXFrameworksBuildPhase;
			buildActionMask = 2147483647;
			files = (
			);
			runOnlyForDeploymentPostprocessing = 0;
		};
/* End PBXFrameworksBuildPhase section */

/* Begin PBXGroup section */
		B1FCDA0E1C7E4A6800007790 = {
			isa = PBXGroup;
			children = (
				B1FCDA191C7E4A6800007790 /* PitchPerfect */,
				B1FCDA181C7E4A6800007790 /* Products */,
			);
			sourceTree = "<group>";
		};
		B1FCDA181C7E4A6800007790 /* Products */ = {
			isa = PBXGroup;
			children = (
				B1FCDA171C7E4A6800007790 /* PitchPerfect.app */,
			);
			name = Products;
			sourceTree = "<group>";
		};
		B1FCDA191C7E4A6800007790 /* PitchPerfect */ = {
			isa = PBXGroup;
			children = (
				B1FCDA1A1C7E4A6800007790 /* AppDelegate.swift */,
				B1FCDA1C1C7E4A6800007790 /* RecordSoundViewController.swift */,
				B1FCDA1E1C7E4A6800007790 /* Main.storyboard */,
				B1FCDA2E1C7E500F00007790 /* RecordedAudio.swift */,
				B1FCDA2C1C7E4E7E00007790 /* PlaySoundViewController.swift */,
				B1FCDA211C7E4A6800007790 /* Assets.xcassets */,
				B1FCDA231C7E4A6800007790 /* LaunchScreen.storyboard */,
				B1FCDA261C7E4A6800007790 /* Info.plist */,
			);
			path = PitchPerfect;
			sourceTree = "<group>";
		};
/* End PBXGroup section */

/* Begin PBXNativeTarget section */
		B1FCDA161C7E4A6800007790 /* PitchPerfect */ = {
			isa = PBXNativeTarget;
			buildConfigurationList = B1FCDA291C7E4A6800007790 /* Build configuration list for PBXNativeTarget "PitchPerfect" */;
			buildPhases = (
				B1FCDA131C7E4A6800007790 /* Sources */,
				B1FCDA141C7E4A6800007790 /* Frameworks */,
				B1FCDA151C7E4A6800007790 /* Resources */,
			);
			buildRules = (
			);
			dependencies = (
			);
			name = PitchPerfect;
			productName = PitchPerfect;
			productReference = B1FCDA171C7E4A6800007790 /* PitchPerfect.app */;
			productType = "com.apple.product-type.application";
		};
/* End PBXNativeTarget section */

/* Begin PBXProject section */
		B1FCDA0F1C7E4A6800007790 /* Project object */ = {
			isa = PBXProject;
			attributes = {
				LastSwiftUpdateCheck = 0720;
				LastUpgradeCheck = 0720;
				ORGANIZATIONNAME = RomanKolodzie;
				TargetAttributes = {
					B1FCDA161C7E4A6800007790 = {
						CreatedOnToolsVersion = 7.2.1;
						DevelopmentTeam = G35D6XME72;
					};
				};
			};
			buildConfigurationList = B1FCDA121C7E4A6800007790 /* Build configuration list for PBXProject "PitchPerfect" */;
			compatibilityVersion = "Xcode 3.2";
			developmentRegion = English;
			hasScannedForEncodings = 0;
			knownRegions = (
				en,
				Base,
			);
			mainGroup = B1FCDA0E1C7E4A6800007790;
			productRefGroup = B1FCDA181C7E4A6800007790 /* Products */;
			projectDirPath = "";
			projectRoot = "";
			targets = (
				B1FCDA161C7E4A6800007790 /* PitchPerfect */,
			);
		};
/* End PBXProject section */

/* Begin PBXResourcesBuildPhase section */
		B1FCDA151C7E4A6800007790 /* Resources */ = {
			isa = PBXResourcesBuildPhase;
			buildActionMask = 2147483647;
			files = (
				B1FCDA251C7E4A6800007790 /* LaunchScreen.storyboard in Resources */,
				B1FCDA221C7E4A6800007790 /* Assets.xcassets in Resources */,
				B1FCDA201C7E4A6800007790 /* Main.storyboard in Resources */,
			);
			runOnlyForDeploymentPostprocessing = 0;
		};
/* End PBXResourcesBuildPhase section */

/* Begin PBXSourcesBuildPhase section */
		B1FCDA131C7E4A6800007790 /* Sources */ = {
			isa = PBXSourcesBuildPhase;
			buildActionMask = 2147483647;
			files = (
				B1FCDA2F1C7E500F00007790 /* RecordedAudio.swift in Sources */,
				B1FCDA1D1C7E4A6800007790 /* RecordSoundViewController.swift in Sources */,
				B1FCDA2D1C7E4E7E00007790 /* PlaySoundViewController.swift in Sources */,
				B1FCDA1B1C7E4A6800007790 /* AppDelegate.swift in Sources */,
			);
			runOnlyForDeploymentPostprocessing = 0;
		};
/* End PBXSourcesBuildPhase section */

/* Begin PBXVariantGroup section */
		B1FCDA1E1C7E4A6800007790 /* Main.storyboard */ = {
			isa = PBXVariantGroup;
			children = (
				B1FCDA1F1C7E4A6800007790 /* Base */,
			);
			name = Main.storyboard;
			sourceTree = "<group>";
		};
		B1FCDA231C7E4A6800007790 /* LaunchScreen.storyboard */ = {
			isa = PBXVariantGroup;
			children = (
				B1FCDA241C7E4A6800007790 /* Base */,
			);
			name = LaunchScreen.storyboard;
			sourceTree = "<group>";
		};
/* End PBXVariantGroup section */

/* Begin XCBuildConfiguration section */
		B1FCDA271C7E4A6800007790 /* Debug */ = {
			isa = XCBuildConfiguration;
			buildSettings = {
				ALWAYS_SEARCH_USER_PATHS = NO;
				CLANG_CXX_LANGUAGE_STANDARD = "gnu++0x";
				CLANG_CXX_LIBRARY = "libc++";
				CLANG_ENABLE_MODULES = YES;
				CLANG_ENABLE_OBJC_ARC = YES;
				CLANG_WARN_BOOL_CONVERSION = YES;
				CLANG_WARN_CONSTANT_CONVERSION = YES;
				CLANG_WARN_DIRECT_OBJC_ISA_USAGE = YES_ERROR;
				CLANG_WARN_EMPTY_BODY = YES;
				CLANG_WARN_ENUM_CONVERSION = YES;
				CLANG_WARN_INT_CONVERSION = YES;
				CLANG_WARN_OBJC_ROOT_CLASS = YES_ERROR;
				CLANG_WARN_UNREACHABLE_CODE = YES;
				CLANG_WARN__DUPLICATE_METHOD_MATCH = YES;
				"CODE_SIGN_IDENTITY[sdk=iphoneos*]" = "iPhone Developer";
				COPY_PHASE_STRIP = NO;
				DEBUG_INFORMATION_FORMAT = dwarf;
				ENABLE_STRICT_OBJC_MSGSEND = YES;
				ENABLE_TESTABILITY = YES;
				GCC_C_LANGUAGE_STANDARD = gnu99;
				GCC_DYNAMIC_NO_PIC = NO;
				GCC_NO_COMMON_BLOCKS = YES;
				GCC_OPTIMIZATION_LEVEL = 0;
				GCC_PREPROCESSOR_DEFINITIONS = (
					"DEBUG=1",
					"$(inherited)",
				);
				GCC_WARN_64_TO_32_BIT_CONVERSION = YES;
				GCC_WARN_ABOUT_RETURN_TYPE = YES_ERROR;
				GCC_WARN_UNDECLARED_SELECTOR = YES;
				GCC_WARN_UNINITIALIZED_AUTOS = YES_AGGRESSIVE;
				GCC_WARN_UNUSED_FUNCTION = YES;
				GCC_WARN_UNUSED_VARIABLE = YES;
				IPHONEOS_DEPLOYMENT_TARGET = 9.2;
				MTL_ENABLE_DEBUG_INFO = YES;
				ONLY_ACTIVE_ARCH = YES;
				SDKROOT = iphoneos;
				SWIFT_OPTIMIZATION_LEVEL = "-Onone";
				TARGETED_DEVICE_FAMILY = "1,2";
			};
			name = Debug;
		};
		B1FCDA281C7E4A6800007790 /* Release */ = {
			isa = XCBuildConfiguration;
			buildSettings = {
				ALWAYS_SEARCH_USER_PATHS = NO;
				CLANG_CXX_LANGUAGE_STANDARD = "gnu++0x";
				CLANG_CXX_LIBRARY = "libc++";
				CLANG_ENABLE_MODULES = YES;
				CLANG_ENABLE_OBJC_ARC = YES;
				CLANG_WARN_BOOL_CONVERSION = YES;
				CLANG_WARN_CONSTANT_CONVERSION = YES;
				CLANG_WARN_DIRECT_OBJC_ISA_USAGE = YES_ERROR;
				CLANG_WARN_EMPTY_BODY = YES;
				CLANG_WARN_ENUM_CONVERSION = YES;
				CLANG_WARN_INT_CONVERSION = YES;
				CLANG_WARN_OBJC_ROOT_CLASS = YES_ERROR;
				CLANG_WARN_UNREACHABLE_CODE = YES;
				CLANG_WARN__DUPLICATE_METHOD_MATCH = YES;
				"CODE_SIGN_IDENTITY[sdk=iphoneos*]" = "iPhone Developer";
				COPY_PHASE_STRIP = NO;
				DEBUG_INFORMATION_FORMAT = "dwarf-with-dsym";
				ENABLE_NS_ASSERTIONS = NO;
				ENABLE_STRICT_OBJC_MSGSEND = YES;
				GCC_C_LANGUAGE_STANDARD = gnu99;
				GCC_NO_COMMON_BLOCKS = YES;
				GCC_WARN_64_TO_32_BIT_CONVERSION = YES;
				GCC_WARN_ABOUT_RETURN_TYPE = YES_ERROR;
				GCC_WARN_UNDECLARED_SELECTOR = YES;
				GCC_WARN_UNINITIALIZED_AUTOS = YES_AGGRESSIVE;
				GCC_WARN_UNUSED_FUNCTION = YES;
				GCC_WARN_UNUSED_VARIABLE = YES;
				IPHONEOS_DEPLOYMENT_TARGET = 9.2;
				MTL_ENABLE_DEBUG_INFO = NO;
				SDKROOT = iphoneos;
				TARGETED_DEVICE_FAMILY = "1,2";
				VALIDATE_PRODUCT = YES;
			};
			name = Release;
		};
		B1FCDA2A1C7E4A6800007790 /* Debug */ = {
			isa = XCBuildConfiguration;
			buildSettings = {
				ASSETCATALOG_COMPILER_APPICON_NAME = AppIcon;
				INFOPLIST_FILE = PitchPerfect/Info.plist;
				LD_RUNPATH_SEARCH_PATHS = "$(inherited) @executable_path/Frameworks";
				PRODUCT_BUNDLE_IDENTIFIER = me.romank.PitchPerfect;
				PRODUCT_NAME = "$(TARGET_NAME)";
			};
			name = Debug;
		};
		B1FCDA2B1C7E4A6800007790 /* Release */ = {
			isa = XCBuildConfiguration;
			buildSettings = {
				ASSETCATALOG_COMPILER_APPICON_NAME = AppIcon;
				INFOPLIST_FILE = PitchPerfect/Info.plist;
				LD_RUNPATH_SEARCH_PATHS = "$(inherited) @executable_path/Frameworks";
				PRODUCT_BUNDLE_IDENTIFIER = me.romank.PitchPerfect;
				PRODUCT_NAME = "$(TARGET_NAME)";
			};
			name = Release;
		};
/* End XCBuildConfiguration section */

/* Begin XCConfigurationList section */
		B1FCDA121C7E4A6800007790 /* Build configuration list for PBXProject "PitchPerfect" */ = {
			isa = XCConfigurationList;
			buildConfigurations = (
				B1FCDA271C7E4A6800007790 /* Debug */,
				B1FCDA281C7E4A6800007790 /* Release */,
			);
			defaultConfigurationIsVisible = 0;
			defaultConfigurationName = Release;
		};
		B1FCDA291C7E4A6800007790 /* Build configuration list for PBXNativeTarget "PitchPerfect" */ = {
			isa = XCConfigurationList;
			buildConfigurations = (
				B1FCDA2A1C7E4A6800007790 /* Debug */,
				B1FCDA2B1C7E4A6800007790 /* Release */,
			);
			defaultConfigurationIsVisible = 0;
		};
/* End XCConfigurationList section */
	};
	rootObject = B1FCDA0F1C7E4A6800007790 /* Project object */;
}
